
Microsoft Visual Studio Solution File, Format Version 12.00
# Visual Studio Version 16
VisualStudioVersion = 16.0.29613.14
MinimumVisualStudioVersion = 10.0.40219.1
Project("{FAE04EC0-301F-11D3-BF4B-00C04F79EFBC}") = "NovusExampleNSwag", "NovusExampleNSwag.csproj", "{7D87D25E-960E-481C-A3E6-A7482D238379}"
EndProject
Global
	GlobalSection(SolutionConfigurationPlatforms) = preSolution
		Debug|Any CPU = Debug|Any CPU
		Release|Any CPU = Release|Any CPU
	EndGlobalSection
	GlobalSection(ProjectConfigurationPlatforms) = postSolution
		{7D87D25E-960E-481C-A3E6-A7482D238379}.Debug|Any CPU.ActiveCfg = Debug|Any CPU
		{7D87D25E-960E-481C-A3E6-A7482D238379}.Debug|Any CPU.Build.0 = Debug|Any CPU
		{7D87D25E-960E-481C-A3E6-A7482D238379}.Release|Any CPU.ActiveCfg = Release|Any CPU
		{7D87D25E-960E-481C-A3E6-A7482D238379}.Release|Any CPU.Build.0 = Release|Any CPU
	EndGlobalSection
	GlobalSection(SolutionProperties) = preSolution
		HideSolutionNode = FALSE
	EndGlobalSection
	GlobalSection(ExtensibilityGlobals) = postSolution
		SolutionGuid = {BD629CC8-0AA5-4F4A-A396-1864F762A554}
	EndGlobalSection
EndGlobal
